
Microsoft Visual Studio Solution File, Format Version 12.00
# Visual Studio Version 16
VisualStudioVersion = 16.0.34729.46
MinimumVisualStudioVersion = 10.0.40219.1
Project("{FAE04EC0-301F-11D3-BF4B-00C04F79EFBC}") = "modeling", "modeling\modeling.csproj", "{6A1A50C8-12C8-454F-953F-4B4511AF2BC9}"
EndProject
Project("{9A19103F-16F7-4668-BE54-9A1E7A4F7556}") = "ConsoleTest1", "ConsoleTest1\ConsoleTest1.csproj", "{44A190CD-3499-4C2C-9365-A1D4BF1C4350}"
EndProject
Project("{9A19103F-16F7-4668-BE54-9A1E7A4F7556}") = "ConsoleTest", "ConsoleTest\ConsoleTest.csproj", "{1F474E06-6A69-441C-8D96-B9ECB61A1578}"
EndProject
Global
	GlobalSection(SolutionConfigurationPlatforms) = preSolution
		Debug|Any CPU = Debug|Any CPU
		Release|Any CPU = Release|Any CPU
	EndGlobalSection
	GlobalSection(ProjectConfigurationPlatforms) = postSolution
		{6A1A50C8-12C8-454F-953F-4B4511AF2BC9}.Debug|Any CPU.ActiveCfg = Debug|Any CPU
		{6A1A50C8-12C8-454F-953F-4B4511AF2BC9}.Debug|Any CPU.Build.0 = Debug|Any CPU
		{6A1A50C8-12C8-454F-953F-4B4511AF2BC9}.Release|Any CPU.ActiveCfg = Release|Any CPU
		{6A1A50C8-12C8-454F-953F-4B4511AF2BC9}.Release|Any CPU.Build.0 = Release|Any CPU
		{44A190CD-3499-4C2C-9365-A1D4BF1C4350}.Debug|Any CPU.ActiveCfg = Debug|Any CPU
		{44A190CD-3499-4C2C-9365-A1D4BF1C4350}.Debug|Any CPU.Build.0 = Debug|Any CPU
		{44A190CD-3499-4C2C-9365-A1D4BF1C4350}.Release|Any CPU.ActiveCfg = Release|Any CPU
		{44A190CD-3499-4C2C-9365-A1D4BF1C4350}.Release|Any CPU.Build.0 = Release|Any CPU
		{1F474E06-6A69-441C-8D96-B9ECB61A1578}.Debug|Any CPU.ActiveCfg = Debug|Any CPU
		{1F474E06-6A69-441C-8D96-B9ECB61A1578}.Debug|Any CPU.Build.0 = Debug|Any CPU
		{1F474E06-6A69-441C-8D96-B9ECB61A1578}.Release|Any CPU.ActiveCfg = Release|Any CPU
		{1F474E06-6A69-441C-8D96-B9ECB61A1578}.Release|Any CPU.Build.0 = Release|Any CPU
	EndGlobalSection
	GlobalSection(SolutionProperties) = preSolution
		HideSolutionNode = FALSE
	EndGlobalSection
	GlobalSection(ExtensibilityGlobals) = postSolution
		SolutionGuid = {A53B7F6E-D26B-4612-9A8C-869DEE4C5079}
	EndGlobalSection
EndGlobal
